
Microsoft Visual Studio Solution File, Format Version 12.00
# Visual Studio 2012
Project("{FAE04EC0-301F-11D3-BF4B-00C04F79EFBC}") = "AirNautis", "AirNautis\AirNautis.csproj", "{B4C1CD22-6704-43BB-912B-9B6994B477F3}"
	ProjectSection(ProjectDependencies) = postProject
		{B8445B08-CE32-4411-A5CB-8FBE8F463F9C} = {B8445B08-CE32-4411-A5CB-8FBE8F463F9C}
	EndProjectSection
EndProject
Project("{FAE04EC0-301F-11D3-BF4B-00C04F79EFBC}") = "AirNautisService", "AirNautisService\AirNautisService.csproj", "{B8445B08-CE32-4411-A5CB-8FBE8F463F9C}"
EndProject
Global
	GlobalSection(SolutionConfigurationPlatforms) = preSolution
		Debug|Any CPU = Debug|Any CPU
		Release|Any CPU = Release|Any CPU
	EndGlobalSection
	GlobalSection(ProjectConfigurationPlatforms) = postSolution
		{B4C1CD22-6704-43BB-912B-9B6994B477F3}.Debug|Any CPU.ActiveCfg = Debug|Any CPU
		{B4C1CD22-6704-43BB-912B-9B6994B477F3}.Debug|Any CPU.Build.0 = Debug|Any CPU
		{B4C1CD22-6704-43BB-912B-9B6994B477F3}.Release|Any CPU.ActiveCfg = Release|Any CPU
		{B4C1CD22-6704-43BB-912B-9B6994B477F3}.Release|Any CPU.Build.0 = Release|Any CPU
		{B8445B08-CE32-4411-A5CB-8FBE8F463F9C}.Debug|Any CPU.ActiveCfg = Debug|Any CPU
		{B8445B08-CE32-4411-A5CB-8FBE8F463F9C}.Debug|Any CPU.Build.0 = Debug|Any CPU
		{B8445B08-CE32-4411-A5CB-8FBE8F463F9C}.Release|Any CPU.ActiveCfg = Release|Any CPU
		{B8445B08-CE32-4411-A5CB-8FBE8F463F9C}.Release|Any CPU.Build.0 = Release|Any CPU
	EndGlobalSection
	GlobalSection(SolutionProperties) = preSolution
		HideSolutionNode = FALSE
	EndGlobalSection
EndGlobal
